github.com/Matej-Chmel/go-any-to-string v1.0.6 h1:6GdJmlWraC7ZrUYXb3d8ID4sc3QsHl74QKIanjit/sw=
github.com/Matej-Chmel/go-any-to-string v1.0.6/go.mod h1:154CPmDbFmc85BqLBWG/NKow0IzyCWU9bm7W1cqFGrM=
github.com/Matej-Chmel/go-generic-stack v1.0.3 h1:AlpGSyUvbjxRmuVWFh8S7RZzoQiTJo2U6CMW2xDvAnc=
github.com/Matej-Chmel/go-generic-stack v1.0.3/go.mod h1:bhv6WeqwCoR3lpWBatqph/PtZbfhDQdDpHslit0S7ec=
