github.com/Matej-Chmel/go-any-to-string v1.1.2 h1:oJL1+gZi2+WHYZZRADjk9dO0fpZO8MF3Qew4CHGymc8=
github.com/Matej-Chmel/go-any-to-string v1.1.2/go.mod h1:j7nLBdvgF8XFdnCWnJPt9DQ3XHTLXCWSQ4EZTwB24hI=
github.com/Matej-Chmel/go-generic-stack v1.0.5 h1:cif36YgdJznSUYQeRjIlQ/7BysCVvONenEEqsfjo4T8=
github.com/Matej-Chmel/go-generic-stack v1.0.5/go.mod h1:bhv6WeqwCoR3lpWBatqph/PtZbfhDQdDpHslit0S7ec=
